Microsoft Visual Studio Solution File, Format Version 12.00
# Visual Studio Version 16
VisualStudioVersion = 16.0.29411.138
MinimumVisualStudioVersion = 10.0.40219.1
Project("{9A19103F-16F7-4668-BE54-9A1E7A4F7556}") = "AuthJanitor.Providers.KeyVault", "AuthJanitor.Providers.KeyVault\AuthJanitor.Providers.KeyVault.csproj", "{D3EEB4BA-A801-436B-8308-422DDD8C8C65}"
EndProject
Project("{9A19103F-16F7-4668-BE54-9A1E7A4F7556}") = "AuthJanitor.Providers", "AuthJanitor.Providers\AuthJanitor.Providers.csproj", "{F123A61C-4DA5-40F3-8D85-A1FE1F6C6EB2}"
EndProject
Project("{9A19103F-16F7-4668-BE54-9A1E7A4F7556}") = "AuthJanitor.Providers.AppServices", "AuthJanitor.Providers.AppServices\AuthJanitor.Providers.AppServices.csproj", "{8BD80A4D-A1A1-4B9F-8E4A-C34C5CE03618}"
EndProject
Project("{9A19103F-16F7-4668-BE54-9A1E7A4F7556}") = "AuthJanitor.Providers.CosmosDb", "AuthJanitor.Providers.CosmosDb\AuthJanitor.Providers.CosmosDb.csproj", "{9F31D9D3-3D12-4AAB-A8FE-CB4953504036}"
EndProject
Project("{9A19103F-16F7-4668-BE54-9A1E7A4F7556}") = "AuthJanitor.Providers.AzureAD", "AuthJanitor.Providers.AzureAD\AuthJanitor.Providers.AzureAD.csproj", "{12CA268F-9E1F-403F-8428-C36F1F1C17E1}"
EndProject
Project("{9A19103F-16F7-4668-BE54-9A1E7A4F7556}") = "AuthJanitor.Providers.ServiceBus", "AuthJanitor.Providers.ServiceBus\AuthJanitor.Providers.ServiceBus.csproj", "{1EB29D3F-A7E4-4038-9FA9-27CAD63213FA}"
EndProject
Project("{9A19103F-16F7-4668-BE54-9A1E7A4F7556}") = "AuthJanitor.Providers.Storage", "AuthJanitor.Providers.Storage\AuthJanitor.Providers.Storage.csproj", "{03A38E05-A6D4-4325-A3A4-6AE33D7E6718}"
EndProject
Project("{2150E333-8FDC-42A3-9474-1A3956D46DE8}") = "Solution Items", "Solution Items", "{C77787E3-7A72-4D70-B13B-1EECCE39FA4B}"
	ProjectSection(SolutionItems) = preProject
		README.md = README.md
	EndProjectSection
EndProject
Project("{2150E333-8FDC-42A3-9474-1A3956D46DE8}") = "Providers", "Providers", "{9C0E454F-146E-40FB-AFE5-F63DAACAB326}"
EndProject
Project("{2150E333-8FDC-42A3-9474-1A3956D46DE8}") = "Automation", "Automation", "{45A0E86E-0F1A-434E-B3F9-D9AE88C964E1}"
EndProject
Project("{9A19103F-16F7-4668-BE54-9A1E7A4F7556}") = "AuthJanitor.Automation.AdminApi", "AuthJanitor.Automation.AdminApi\AuthJanitor.Automation.AdminApi.csproj", "{8DBA0BBC-F92B-456D-8342-0C42E39EB81E}"
EndProject
Project("{9A19103F-16F7-4668-BE54-9A1E7A4F7556}") = "AuthJanitor.Automation.Agent", "AuthJanitor.Automation.Agent\AuthJanitor.Automation.Agent.csproj", "{F9DCAB83-056E-4F4B-A8CA-9DDBBCF08394}"
EndProject
Project("{9A19103F-16F7-4668-BE54-9A1E7A4F7556}") = "AuthJanitor.Automation.Shared", "AuthJanitor.Automation.Shared\AuthJanitor.Automation.Shared.csproj", "{5BDB5B18-884B-4BB5-BF20-A06114C5C928}"
EndProject
Project("{9A19103F-16F7-4668-BE54-9A1E7A4F7556}") = "AuthJanitor.Automation.AdminUi", "AuthJanitor.Automation.AdminUi\AuthJanitor.Automation.AdminUi.csproj", "{1221DBD5-BD6A-482D-B842-AF53611A48A9}"
EndProject
Project("{2150E333-8FDC-42A3-9474-1A3956D46DE8}") = "Admin", "Admin", "{4AB5E96D-1A78-44E0-A52B-5F1A7ABE3B40}"
EndProject
Project("{9A19103F-16F7-4668-BE54-9A1E7A4F7556}") = "AuthJanitor.Automation.Components", "AuthJanitor.Automation.Components\AuthJanitor.Automation.Components.csproj", "{3BB075E4-75CE-4520-B185-6021F8B3F1BA}"
EndProject
Project("{9A19103F-16F7-4668-BE54-9A1E7A4F7556}") = "AuthJanitor.Providers.AzureMaps", "AuthJanitor.Providers.AzureMaps\AuthJanitor.Providers.AzureMaps.csproj", "{CC3E1903-9A04-4A14-8EDB-59444BB57E05}"
EndProject
Project("{9A19103F-16F7-4668-BE54-9A1E7A4F7556}") = "AuthJanitor.Automation.SecureStorageProviders.AzureKeyVault", "AuthJanitor.Automation.SecureStorageProviders.AzureKeyVault\AuthJanitor.Automation.SecureStorageProviders.AzureKeyVault.csproj", "{C188E0E8-9489-4A7F-857A-882E102C19EF}"
EndProject
Project("{2150E333-8FDC-42A3-9474-1A3956D46DE8}") = "Automation Providers", "Automation Providers", "{E0CE9DB0-BC33-4C02-8D09-F06B7C96B402}"
EndProject
Project("{2150E333-8FDC-42A3-9474-1A3956D46DE8}") = "Secure Storage Providers", "Secure Storage Providers", "{5D494A5C-58B4-4B82-AFBF-D86C3A4EA6D2}"
EndProject
Project("{2150E333-8FDC-42A3-9474-1A3956D46DE8}") = "Event Sinks", "Event Sinks", "{76FD8F0D-5A5C-40B1-BECC-3E9C184F2358}"
EndProject
Project("{9A19103F-16F7-4668-BE54-9A1E7A4F7556}") = "AuthJanitor.Automation.EventSinks.SendGrid", "AuthJanitor.Automation.EventSinks.SendGrid\AuthJanitor.Automation.EventSinks.SendGrid.csproj", "{5BEC78A6-4B9C-4FDB-BE0D-551046B43F1D}"
EndProject
Project("{2150E333-8FDC-42A3-9474-1A3956D46DE8}") = "Agent Service", "Agent Service", "{0E2B33F8-6CD0-43EE-AA35-337B6798B509}"
EndProject
Project("{2150E333-8FDC-42A3-9474-1A3956D46DE8}") = "Cryptography", "Cryptography", "{B1A0EACD-9C15-40F3-8133-85D5F45FD57C}"
EndProject
Project("{FAE04EC0-301F-11D3-BF4B-00C04F79EFBC}") = "AuthJanitor.Automation.Cryptography.Default", "AuthJanitor.Automation.Cryptography.Default\AuthJanitor.Automation.Cryptography.Default.csproj", "{59F04D4B-4D7A-4FF1-9188-B6844EE28563}"
EndProject
Global
	GlobalSection(SolutionConfigurationPlatforms) = preSolution
		Debug|Any CPU = Debug|Any CPU
		Release|Any CPU = Release|Any CPU
	EndGlobalSection
	GlobalSection(ProjectConfigurationPlatforms) = postSolution
		{D3EEB4BA-A801-436B-8308-422DDD8C8C65}.Debug|Any CPU.ActiveCfg = Debug|Any CPU
		{D3EEB4BA-A801-436B-8308-422DDD8C8C65}.Debug|Any CPU.Build.0 = Debug|Any CPU
		{D3EEB4BA-A801-436B-8308-422DDD8C8C65}.Release|Any CPU.ActiveCfg = Release|Any CPU
		{D3EEB4BA-A801-436B-8308-422DDD8C8C65}.Release|Any CPU.Build.0 = Release|Any CPU
		{F123A61C-4DA5-40F3-8D85-A1FE1F6C6EB2}.Debug|Any CPU.ActiveCfg = Debug|Any CPU
		{F123A61C-4DA5-40F3-8D85-A1FE1F6C6EB2}.Debug|Any CPU.Build.0 = Debug|Any CPU
		{F123A61C-4DA5-40F3-8D85-A1FE1F6C6EB2}.Release|Any CPU.ActiveCfg = Release|Any CPU
		{F123A61C-4DA5-40F3-8D85-A1FE1F6C6EB2}.Release|Any CPU.Build.0 = Release|Any CPU
		{8BD80A4D-A1A1-4B9F-8E4A-C34C5CE03618}.Debug|Any CPU.ActiveCfg = Debug|Any CPU
		{8BD80A4D-A1A1-4B9F-8E4A-C34C5CE03618}.Debug|Any CPU.Build.0 = Debug|Any CPU
		{8BD80A4D-A1A1-4B9F-8E4A-C34C5CE03618}.Release|Any CPU.ActiveCfg = Release|Any CPU
		{8BD80A4D-A1A1-4B9F-8E4A-C34C5CE03618}.Release|Any CPU.Build.0 = Release|Any CPU
		{9F31D9D3-3D12-4AAB-A8FE-CB4953504036}.Debug|Any CPU.ActiveCfg = Debug|Any CPU
		{9F31D9D3-3D12-4AAB-A8FE-CB4953504036}.Debug|Any CPU.Build.0 = Debug|Any CPU
		{9F31D9D3-3D12-4AAB-A8FE-CB4953504036}.Release|Any CPU.ActiveCfg = Release|Any CPU
		{9F31D9D3-3D12-4AAB-A8FE-CB4953504036}.Release|Any CPU.Build.0 = Release|Any CPU
		{12CA268F-9E1F-403F-8428-C36F1F1C17E1}.Debug|Any CPU.ActiveCfg = Debug|Any CPU
		{12CA268F-9E1F-403F-8428-C36F1F1C17E1}.Debug|Any CPU.Build.0 = Debug|Any CPU
		{12CA268F-9E1F-403F-8428-C36F1F1C17E1}.Release|Any CPU.ActiveCfg = Release|Any CPU
		{12CA268F-9E1F-403F-8428-C36F1F1C17E1}.Release|Any CPU.Build.0 = Release|Any CPU
		{1EB29D3F-A7E4-4038-9FA9-27CAD63213FA}.Debug|Any CPU.ActiveCfg = Debug|Any CPU
		{1EB29D3F-A7E4-4038-9FA9-27CAD63213FA}.Debug|Any CPU.Build.0 = Debug|Any CPU
		{1EB29D3F-A7E4-4038-9FA9-27CAD63213FA}.Release|Any CPU.ActiveCfg = Release|Any CPU
		{1EB29D3F-A7E4-4038-9FA9-27CAD63213FA}.Release|Any CPU.Build.0 = Release|Any CPU
		{03A38E05-A6D4-4325-A3A4-6AE33D7E6718}.Debug|Any CPU.ActiveCfg = Debug|Any CPU
		{03A38E05-A6D4-4325-A3A4-6AE33D7E6718}.Debug|Any CPU.Build.0 = Debug|Any CPU
		{03A38E05-A6D4-4325-A3A4-6AE33D7E6718}.Release|Any CPU.ActiveCfg = Release|Any CPU
		{03A38E05-A6D4-4325-A3A4-6AE33D7E6718}.Release|Any CPU.Build.0 = Release|Any CPU
		{8DBA0BBC-F92B-456D-8342-0C42E39EB81E}.Debug|Any CPU.ActiveCfg = Debug|Any CPU
		{8DBA0BBC-F92B-456D-8342-0C42E39EB81E}.Debug|Any CPU.Build.0 = Debug|Any CPU
		{8DBA0BBC-F92B-456D-8342-0C42E39EB81E}.Release|Any CPU.ActiveCfg = Release|Any CPU
		{8DBA0BBC-F92B-456D-8342-0C42E39EB81E}.Release|Any CPU.Build.0 = Release|Any CPU
		{F9DCAB83-056E-4F4B-A8CA-9DDBBCF08394}.Debug|Any CPU.ActiveCfg = Debug|Any CPU
		{F9DCAB83-056E-4F4B-A8CA-9DDBBCF08394}.Debug|Any CPU.Build.0 = Debug|Any CPU
		{F9DCAB83-056E-4F4B-A8CA-9DDBBCF08394}.Release|Any CPU.ActiveCfg = Release|Any CPU
		{F9DCAB83-056E-4F4B-A8CA-9DDBBCF08394}.Release|Any CPU.Build.0 = Release|Any CPU
		{5BDB5B18-884B-4BB5-BF20-A06114C5C928}.Debug|Any CPU.ActiveCfg = Debug|Any CPU
		{5BDB5B18-884B-4BB5-BF20-A06114C5C928}.Debug|Any CPU.Build.0 = Debug|Any CPU
		{5BDB5B18-884B-4BB5-BF20-A06114C5C928}.Release|Any CPU.ActiveCfg = Release|Any CPU
		{5BDB5B18-884B-4BB5-BF20-A06114C5C928}.Release|Any CPU.Build.0 = Release|Any CPU
		{1221DBD5-BD6A-482D-B842-AF53611A48A9}.Debug|Any CPU.ActiveCfg = Debug|Any CPU
		{1221DBD5-BD6A-482D-B842-AF53611A48A9}.Debug|Any CPU.Build.0 = Debug|Any CPU
		{1221DBD5-BD6A-482D-B842-AF53611A48A9}.Release|Any CPU.ActiveCfg = Release|Any CPU
		{1221DBD5-BD6A-482D-B842-AF53611A48A9}.Release|Any CPU.Build.0 = Release|Any CPU
		{3BB075E4-75CE-4520-B185-6021F8B3F1BA}.Debug|Any CPU.ActiveCfg = Debug|Any CPU
		{3BB075E4-75CE-4520-B185-6021F8B3F1BA}.Debug|Any CPU.Build.0 = Debug|Any CPU
		{3BB075E4-75CE-4520-B185-6021F8B3F1BA}.Release|Any CPU.ActiveCfg = Release|Any CPU
		{3BB075E4-75CE-4520-B185-6021F8B3F1BA}.Release|Any CPU.Build.0 = Release|Any CPU
		{CC3E1903-9A04-4A14-8EDB-59444BB57E05}.Debug|Any CPU.ActiveCfg = Debug|Any CPU
		{CC3E1903-9A04-4A14-8EDB-59444BB57E05}.Debug|Any CPU.Build.0 = Debug|Any CPU
		{CC3E1903-9A04-4A14-8EDB-59444BB57E05}.Release|Any CPU.ActiveCfg = Release|Any CPU
		{CC3E1903-9A04-4A14-8EDB-59444BB57E05}.Release|Any CPU.Build.0 = Release|Any CPU
		{C188E0E8-9489-4A7F-857A-882E102C19EF}.Debug|Any CPU.ActiveCfg = Debug|Any CPU
		{C188E0E8-9489-4A7F-857A-882E102C19EF}.Debug|Any CPU.Build.0 = Debug|Any CPU
		{C188E0E8-9489-4A7F-857A-882E102C19EF}.Release|Any CPU.ActiveCfg = Release|Any CPU
		{C188E0E8-9489-4A7F-857A-882E102C19EF}.Release|Any CPU.Build.0 = Release|Any CPU
		{5BEC78A6-4B9C-4FDB-BE0D-551046B43F1D}.Debug|Any CPU.ActiveCfg = Debug|Any CPU
		{5BEC78A6-4B9C-4FDB-BE0D-551046B43F1D}.Debug|Any CPU.Build.0 = Debug|Any CPU
		{5BEC78A6-4B9C-4FDB-BE0D-551046B43F1D}.Release|Any CPU.ActiveCfg = Release|Any CPU
		{5BEC78A6-4B9C-4FDB-BE0D-551046B43F1D}.Release|Any CPU.Build.0 = Release|Any CPU
		{59F04D4B-4D7A-4FF1-9188-B6844EE28563}.Debug|Any CPU.ActiveCfg = Debug|Any CPU
		{59F04D4B-4D7A-4FF1-9188-B6844EE28563}.Debug|Any CPU.Build.0 = Debug|Any CPU
		{59F04D4B-4D7A-4FF1-9188-B6844EE28563}.Release|Any CPU.ActiveCfg = Release|Any CPU
		{59F04D4B-4D7A-4FF1-9188-B6844EE28563}.Release|Any CPU.Build.0 = Release|Any CPU
	EndGlobalSection
	GlobalSection(SolutionProperties) = preSolution
		HideSolutionNode = FALSE
	EndGlobalSection
	GlobalSection(NestedProjects) = preSolution
		{D3EEB4BA-A801-436B-8308-422DDD8C8C65} = {9C0E454F-146E-40FB-AFE5-F63DAACAB326}
		{F123A61C-4DA5-40F3-8D85-A1FE1F6C6EB2} = {9C0E454F-146E-40FB-AFE5-F63DAACAB326}
		{8BD80A4D-A1A1-4B9F-8E4A-C34C5CE03618} = {9C0E454F-146E-40FB-AFE5-F63DAACAB326}
		{9F31D9D3-3D12-4AAB-A8FE-CB4953504036} = {9C0E454F-146E-40FB-AFE5-F63DAACAB326}
		{12CA268F-9E1F-403F-8428-C36F1F1C17E1} = {9C0E454F-146E-40FB-AFE5-F63DAACAB326}
		{1EB29D3F-A7E4-4038-9FA9-27CAD63213FA} = {9C0E454F-146E-40FB-AFE5-F63DAACAB326}
		{03A38E05-A6D4-4325-A3A4-6AE33D7E6718} = {9C0E454F-146E-40FB-AFE5-F63DAACAB326}
		{8DBA0BBC-F92B-456D-8342-0C42E39EB81E} = {4AB5E96D-1A78-44E0-A52B-5F1A7ABE3B40}
		{F9DCAB83-056E-4F4B-A8CA-9DDBBCF08394} = {0E2B33F8-6CD0-43EE-AA35-337B6798B509}
		{5BDB5B18-884B-4BB5-BF20-A06114C5C928} = {45A0E86E-0F1A-434E-B3F9-D9AE88C964E1}
		{1221DBD5-BD6A-482D-B842-AF53611A48A9} = {4AB5E96D-1A78-44E0-A52B-5F1A7ABE3B40}
		{4AB5E96D-1A78-44E0-A52B-5F1A7ABE3B40} = {45A0E86E-0F1A-434E-B3F9-D9AE88C964E1}
		{3BB075E4-75CE-4520-B185-6021F8B3F1BA} = {4AB5E96D-1A78-44E0-A52B-5F1A7ABE3B40}
		{CC3E1903-9A04-4A14-8EDB-59444BB57E05} = {9C0E454F-146E-40FB-AFE5-F63DAACAB326}
		{C188E0E8-9489-4A7F-857A-882E102C19EF} = {5D494A5C-58B4-4B82-AFBF-D86C3A4EA6D2}
		{E0CE9DB0-BC33-4C02-8D09-F06B7C96B402} = {45A0E86E-0F1A-434E-B3F9-D9AE88C964E1}
		{5D494A5C-58B4-4B82-AFBF-D86C3A4EA6D2} = {E0CE9DB0-BC33-4C02-8D09-F06B7C96B402}
		{76FD8F0D-5A5C-40B1-BECC-3E9C184F2358} = {E0CE9DB0-BC33-4C02-8D09-F06B7C96B402}
		{5BEC78A6-4B9C-4FDB-BE0D-551046B43F1D} = {76FD8F0D-5A5C-40B1-BECC-3E9C184F2358}
		{0E2B33F8-6CD0-43EE-AA35-337B6798B509} = {45A0E86E-0F1A-434E-B3F9-D9AE88C964E1}
		{B1A0EACD-9C15-40F3-8133-85D5F45FD57C} = {E0CE9DB0-BC33-4C02-8D09-F06B7C96B402}
		{59F04D4B-4D7A-4FF1-9188-B6844EE28563} = {B1A0EACD-9C15-40F3-8133-85D5F45FD57C}
	EndGlobalSection
	GlobalSection(ExtensibilityGlobals) = postSolution
		SolutionGuid = {0461C5FC-1885-4C0F-B202-817D99C927D2}
	EndGlobalSection
EndGlobal
