Microsoft Visual Studio Solution File, Format Version 12.00
# Visual Studio Version 16
VisualStudioVersion = 16.0.29411.138
MinimumVisualStudioVersion = 10.0.40219.1
Project("{9A19103F-16F7-4668-BE54-9A1E7A4F7556}") = "AuthJanitor.Providers.KeyVault", "AuthJanitor.Providers.KeyVault\AuthJanitor.Providers.KeyVault.csproj", "{D3EEB4BA-A801-436B-8308-422DDD8C8C65}"
EndProject
Project("{9A19103F-16F7-4668-BE54-9A1E7A4F7556}") = "AuthJanitor.Providers.AppServices", "AuthJanitor.Providers.AppServices\AuthJanitor.Providers.AppServices.csproj", "{8BD80A4D-A1A1-4B9F-8E4A-C34C5CE03618}"
EndProject
Project("{9A19103F-16F7-4668-BE54-9A1E7A4F7556}") = "AuthJanitor.Providers.CosmosDb", "AuthJanitor.Providers.CosmosDb\AuthJanitor.Providers.CosmosDb.csproj", "{9F31D9D3-3D12-4AAB-A8FE-CB4953504036}"
EndProject
Project("{9A19103F-16F7-4668-BE54-9A1E7A4F7556}") = "AuthJanitor.Providers.AzureAD", "AuthJanitor.Providers.AzureAD\AuthJanitor.Providers.AzureAD.csproj", "{12CA268F-9E1F-403F-8428-C36F1F1C17E1}"
EndProject
Project("{9A19103F-16F7-4668-BE54-9A1E7A4F7556}") = "AuthJanitor.Providers.ServiceBus", "AuthJanitor.Providers.ServiceBus\AuthJanitor.Providers.ServiceBus.csproj", "{1EB29D3F-A7E4-4038-9FA9-27CAD63213FA}"
EndProject
Project("{9A19103F-16F7-4668-BE54-9A1E7A4F7556}") = "AuthJanitor.Providers.Storage", "AuthJanitor.Providers.Storage\AuthJanitor.Providers.Storage.csproj", "{03A38E05-A6D4-4325-A3A4-6AE33D7E6718}"
EndProject
Project("{2150E333-8FDC-42A3-9474-1A3956D46DE8}") = "Solution Items", "Solution Items", "{C77787E3-7A72-4D70-B13B-1EECCE39FA4B}"
	ProjectSection(SolutionItems) = preProject
		README.md = README.md
	EndProjectSection
EndProject
Project("{2150E333-8FDC-42A3-9474-1A3956D46DE8}") = "Providers", "Providers", "{9C0E454F-146E-40FB-AFE5-F63DAACAB326}"
EndProject
Project("{2150E333-8FDC-42A3-9474-1A3956D46DE8}") = "Automation", "Automation", "{45A0E86E-0F1A-434E-B3F9-D9AE88C964E1}"
EndProject
Project("{9A19103F-16F7-4668-BE54-9A1E7A4F7556}") = "AuthJanitor.Functions.AdminApi", "AuthJanitor.Functions.AdminApi\AuthJanitor.Functions.AdminApi.csproj", "{8DBA0BBC-F92B-456D-8342-0C42E39EB81E}"
EndProject
Project("{9A19103F-16F7-4668-BE54-9A1E7A4F7556}") = "AuthJanitor.Functions.Agent", "AuthJanitor.Functions.Agent\AuthJanitor.Functions.Agent.csproj", "{F9DCAB83-056E-4F4B-A8CA-9DDBBCF08394}"
EndProject
Project("{9A19103F-16F7-4668-BE54-9A1E7A4F7556}") = "AuthJanitor.AspNet.Core", "AuthJanitor.AspNet\AuthJanitor.AspNet.Core.csproj", "{5BDB5B18-884B-4BB5-BF20-A06114C5C928}"
EndProject
Project("{9A19103F-16F7-4668-BE54-9A1E7A4F7556}") = "AuthJanitor.AspNet.AdminUi", "AuthJanitor.AspNet.AdminUi\AuthJanitor.AspNet.AdminUi.csproj", "{1221DBD5-BD6A-482D-B842-AF53611A48A9}"
EndProject
Project("{2150E333-8FDC-42A3-9474-1A3956D46DE8}") = "Admin", "Admin", "{4AB5E96D-1A78-44E0-A52B-5F1A7ABE3B40}"
EndProject
Project("{9A19103F-16F7-4668-BE54-9A1E7A4F7556}") = "AuthJanitor.AspNet.UI.Razor", "AuthJanitor.AspNet.UI.Razor\AuthJanitor.AspNet.UI.Razor.csproj", "{3BB075E4-75CE-4520-B185-6021F8B3F1BA}"
EndProject
Project("{9A19103F-16F7-4668-BE54-9A1E7A4F7556}") = "AuthJanitor.Providers.AzureMaps", "AuthJanitor.Providers.AzureMaps\AuthJanitor.Providers.AzureMaps.csproj", "{CC3E1903-9A04-4A14-8EDB-59444BB57E05}"
EndProject
Project("{2150E333-8FDC-42A3-9474-1A3956D46DE8}") = "Agent Service", "Agent Service", "{0E2B33F8-6CD0-43EE-AA35-337B6798B509}"
EndProject
Project("{2150E333-8FDC-42A3-9474-1A3956D46DE8}") = "Integrations", "Integrations", "{07EE807A-D975-4B1D-B486-6633ED87B757}"
EndProject
Project("{9A19103F-16F7-4668-BE54-9A1E7A4F7556}") = "AuthJanitor.Integrations.CryptographicImplementations.Default", "AuthJanitor.Integrations.CryptographicImplementations.Default\AuthJanitor.Integrations.CryptographicImplementations.Default.csproj", "{31D82FCB-3F22-482C-B7A4-F9D9D4A27EF6}"
EndProject
Project("{9A19103F-16F7-4668-BE54-9A1E7A4F7556}") = "AuthJanitor.Integrations.EventSinks.SendGrid", "AuthJanitor.Integrations.EventSinks.SendGrid\AuthJanitor.Integrations.EventSinks.SendGrid.csproj", "{1E8E5F06-CF36-4CC8-95BD-B7E455D1737C}"
EndProject
Project("{9A19103F-16F7-4668-BE54-9A1E7A4F7556}") = "AuthJanitor.Integrations.IdentityServices.AzureActiveDirectory", "AuthJanitor.Integrations.IdentityServices.AzureActiveDirectory\AuthJanitor.Integrations.IdentityServices.AzureActiveDirectory.csproj", "{367C9AAB-6A24-4DC8-A69C-A22039CC11C2}"
EndProject
Project("{9A19103F-16F7-4668-BE54-9A1E7A4F7556}") = "AuthJanitor.Integrations.SecureStorage.AzureKeyVault", "AuthJanitor.Integrations.SecureStorage.AzureKeyVault\AuthJanitor.Integrations.SecureStorage.AzureKeyVault.csproj", "{03C30803-4304-4C01-B84B-3FFFA2AD57A1}"
EndProject
Project("{9A19103F-16F7-4668-BE54-9A1E7A4F7556}") = "AuthJanitor.Core", "AuthJanitor.Core\AuthJanitor.Core.csproj", "{F103367D-F5FB-43A6-AA52-6B9A0DD66862}"
EndProject
Project("{9A19103F-16F7-4668-BE54-9A1E7A4F7556}") = "AuthJanitor.Integrations.DataStores.AzureBlobStorage", "AuthJanitor.Integrations.DataStores.AzureBlobStorage\AuthJanitor.Integrations.DataStores.AzureBlobStorage.csproj", "{2ED2CBEF-1B5F-4D0D-ACF0-C41D59C69B7A}"
EndProject
Project("{9A19103F-16F7-4668-BE54-9A1E7A4F7556}") = "AuthJanitor.Providers.RedisCache", "AuthJanitor.Providers.RedisCache\AuthJanitor.Providers.RedisCache.csproj", "{A22F4B5A-10D8-4692-9C34-D7089108E4B5}"
EndProject
Project("{9A19103F-16F7-4668-BE54-9A1E7A4F7556}") = "AuthJanitor.Providers.AzureSearch", "AuthJanitor.Providers.AzureSearch\AuthJanitor.Providers.AzureSearch.csproj", "{AF99E01C-3AB2-4AF6-8771-871B3F0E380E}"
EndProject
Project("{9A19103F-16F7-4668-BE54-9A1E7A4F7556}") = "AuthJanitor.Providers.AzureSql", "AuthJanitor.Providers.AzureSql\AuthJanitor.Providers.AzureSql.csproj", "{9A5610CB-A46E-4542-A4F4-1CACBA12E171}"
EndProject
Project("{9A19103F-16F7-4668-BE54-9A1E7A4F7556}") = "AuthJanitor.Providers.EventHub", "AuthJanitor.Providers.EventHub\AuthJanitor.Providers.EventHub.csproj", "{AF18A358-231F-4D8E-A659-AEB660CC4715}"
EndProject
Project("{2150E333-8FDC-42A3-9474-1A3956D46DE8}") = "Azure", "Azure", "{93A3274C-6CD8-4399-9C45-7D0A4077E4E0}"
EndProject
Project("{9A19103F-16F7-4668-BE54-9A1E7A4F7556}") = "AuthJanitor.Providers.Azure", "AuthJanitor.Providers.Azure\AuthJanitor.Providers.Azure.csproj", "{7EDE5077-75D1-4D60-85AA-94E1F99525EC}"
EndProject
Project("{9A19103F-16F7-4668-BE54-9A1E7A4F7556}") = "AuthJanitor.Tests", "AuthJanitor.Tests\AuthJanitor.Tests.csproj", "{4EF08D3E-5F88-4156-8BBA-9FD8A3065190}"
EndProject
Global
	GlobalSection(SolutionConfigurationPlatforms) = preSolution
		Debug|Any CPU = Debug|Any CPU
		Release|Any CPU = Release|Any CPU
	EndGlobalSection
	GlobalSection(ProjectConfigurationPlatforms) = postSolution
		{D3EEB4BA-A801-436B-8308-422DDD8C8C65}.Debug|Any CPU.ActiveCfg = Debug|Any CPU
		{D3EEB4BA-A801-436B-8308-422DDD8C8C65}.Debug|Any CPU.Build.0 = Debug|Any CPU
		{D3EEB4BA-A801-436B-8308-422DDD8C8C65}.Release|Any CPU.ActiveCfg = Release|Any CPU
		{D3EEB4BA-A801-436B-8308-422DDD8C8C65}.Release|Any CPU.Build.0 = Release|Any CPU
		{8BD80A4D-A1A1-4B9F-8E4A-C34C5CE03618}.Debug|Any CPU.ActiveCfg = Debug|Any CPU
		{8BD80A4D-A1A1-4B9F-8E4A-C34C5CE03618}.Debug|Any CPU.Build.0 = Debug|Any CPU
		{8BD80A4D-A1A1-4B9F-8E4A-C34C5CE03618}.Release|Any CPU.ActiveCfg = Release|Any CPU
		{8BD80A4D-A1A1-4B9F-8E4A-C34C5CE03618}.Release|Any CPU.Build.0 = Release|Any CPU
		{9F31D9D3-3D12-4AAB-A8FE-CB4953504036}.Debug|Any CPU.ActiveCfg = Debug|Any CPU
		{9F31D9D3-3D12-4AAB-A8FE-CB4953504036}.Debug|Any CPU.Build.0 = Debug|Any CPU
		{9F31D9D3-3D12-4AAB-A8FE-CB4953504036}.Release|Any CPU.ActiveCfg = Release|Any CPU
		{9F31D9D3-3D12-4AAB-A8FE-CB4953504036}.Release|Any CPU.Build.0 = Release|Any CPU
		{12CA268F-9E1F-403F-8428-C36F1F1C17E1}.Debug|Any CPU.ActiveCfg = Debug|Any CPU
		{12CA268F-9E1F-403F-8428-C36F1F1C17E1}.Debug|Any CPU.Build.0 = Debug|Any CPU
		{12CA268F-9E1F-403F-8428-C36F1F1C17E1}.Release|Any CPU.ActiveCfg = Release|Any CPU
		{12CA268F-9E1F-403F-8428-C36F1F1C17E1}.Release|Any CPU.Build.0 = Release|Any CPU
		{1EB29D3F-A7E4-4038-9FA9-27CAD63213FA}.Debug|Any CPU.ActiveCfg = Debug|Any CPU
		{1EB29D3F-A7E4-4038-9FA9-27CAD63213FA}.Debug|Any CPU.Build.0 = Debug|Any CPU
		{1EB29D3F-A7E4-4038-9FA9-27CAD63213FA}.Release|Any CPU.ActiveCfg = Release|Any CPU
		{1EB29D3F-A7E4-4038-9FA9-27CAD63213FA}.Release|Any CPU.Build.0 = Release|Any CPU
		{03A38E05-A6D4-4325-A3A4-6AE33D7E6718}.Debug|Any CPU.ActiveCfg = Debug|Any CPU
		{03A38E05-A6D4-4325-A3A4-6AE33D7E6718}.Debug|Any CPU.Build.0 = Debug|Any CPU
		{03A38E05-A6D4-4325-A3A4-6AE33D7E6718}.Release|Any CPU.ActiveCfg = Release|Any CPU
		{03A38E05-A6D4-4325-A3A4-6AE33D7E6718}.Release|Any CPU.Build.0 = Release|Any CPU
		{8DBA0BBC-F92B-456D-8342-0C42E39EB81E}.Debug|Any CPU.ActiveCfg = Debug|Any CPU
		{8DBA0BBC-F92B-456D-8342-0C42E39EB81E}.Debug|Any CPU.Build.0 = Debug|Any CPU
		{8DBA0BBC-F92B-456D-8342-0C42E39EB81E}.Release|Any CPU.ActiveCfg = Release|Any CPU
		{8DBA0BBC-F92B-456D-8342-0C42E39EB81E}.Release|Any CPU.Build.0 = Release|Any CPU
		{F9DCAB83-056E-4F4B-A8CA-9DDBBCF08394}.Debug|Any CPU.ActiveCfg = Debug|Any CPU
		{F9DCAB83-056E-4F4B-A8CA-9DDBBCF08394}.Debug|Any CPU.Build.0 = Debug|Any CPU
		{F9DCAB83-056E-4F4B-A8CA-9DDBBCF08394}.Release|Any CPU.ActiveCfg = Release|Any CPU
		{F9DCAB83-056E-4F4B-A8CA-9DDBBCF08394}.Release|Any CPU.Build.0 = Release|Any CPU
		{5BDB5B18-884B-4BB5-BF20-A06114C5C928}.Debug|Any CPU.ActiveCfg = Debug|Any CPU
		{5BDB5B18-884B-4BB5-BF20-A06114C5C928}.Debug|Any CPU.Build.0 = Debug|Any CPU
		{5BDB5B18-884B-4BB5-BF20-A06114C5C928}.Release|Any CPU.ActiveCfg = Release|Any CPU
		{5BDB5B18-884B-4BB5-BF20-A06114C5C928}.Release|Any CPU.Build.0 = Release|Any CPU
		{1221DBD5-BD6A-482D-B842-AF53611A48A9}.Debug|Any CPU.ActiveCfg = Debug|Any CPU
		{1221DBD5-BD6A-482D-B842-AF53611A48A9}.Debug|Any CPU.Build.0 = Debug|Any CPU
		{1221DBD5-BD6A-482D-B842-AF53611A48A9}.Release|Any CPU.ActiveCfg = Release|Any CPU
		{1221DBD5-BD6A-482D-B842-AF53611A48A9}.Release|Any CPU.Build.0 = Release|Any CPU
		{3BB075E4-75CE-4520-B185-6021F8B3F1BA}.Debug|Any CPU.ActiveCfg = Debug|Any CPU
		{3BB075E4-75CE-4520-B185-6021F8B3F1BA}.Debug|Any CPU.Build.0 = Debug|Any CPU
		{3BB075E4-75CE-4520-B185-6021F8B3F1BA}.Release|Any CPU.ActiveCfg = Release|Any CPU
		{3BB075E4-75CE-4520-B185-6021F8B3F1BA}.Release|Any CPU.Build.0 = Release|Any CPU
		{CC3E1903-9A04-4A14-8EDB-59444BB57E05}.Debug|Any CPU.ActiveCfg = Debug|Any CPU
		{CC3E1903-9A04-4A14-8EDB-59444BB57E05}.Debug|Any CPU.Build.0 = Debug|Any CPU
		{CC3E1903-9A04-4A14-8EDB-59444BB57E05}.Release|Any CPU.ActiveCfg = Release|Any CPU
		{CC3E1903-9A04-4A14-8EDB-59444BB57E05}.Release|Any CPU.Build.0 = Release|Any CPU
		{31D82FCB-3F22-482C-B7A4-F9D9D4A27EF6}.Debug|Any CPU.ActiveCfg = Debug|Any CPU
		{31D82FCB-3F22-482C-B7A4-F9D9D4A27EF6}.Debug|Any CPU.Build.0 = Debug|Any CPU
		{31D82FCB-3F22-482C-B7A4-F9D9D4A27EF6}.Release|Any CPU.ActiveCfg = Release|Any CPU
		{31D82FCB-3F22-482C-B7A4-F9D9D4A27EF6}.Release|Any CPU.Build.0 = Release|Any CPU
		{1E8E5F06-CF36-4CC8-95BD-B7E455D1737C}.Debug|Any CPU.ActiveCfg = Debug|Any CPU
		{1E8E5F06-CF36-4CC8-95BD-B7E455D1737C}.Debug|Any CPU.Build.0 = Debug|Any CPU
		{1E8E5F06-CF36-4CC8-95BD-B7E455D1737C}.Release|Any CPU.ActiveCfg = Release|Any CPU
		{1E8E5F06-CF36-4CC8-95BD-B7E455D1737C}.Release|Any CPU.Build.0 = Release|Any CPU
		{367C9AAB-6A24-4DC8-A69C-A22039CC11C2}.Debug|Any CPU.ActiveCfg = Debug|Any CPU
		{367C9AAB-6A24-4DC8-A69C-A22039CC11C2}.Debug|Any CPU.Build.0 = Debug|Any CPU
		{367C9AAB-6A24-4DC8-A69C-A22039CC11C2}.Release|Any CPU.ActiveCfg = Release|Any CPU
		{367C9AAB-6A24-4DC8-A69C-A22039CC11C2}.Release|Any CPU.Build.0 = Release|Any CPU
		{03C30803-4304-4C01-B84B-3FFFA2AD57A1}.Debug|Any CPU.ActiveCfg = Debug|Any CPU
		{03C30803-4304-4C01-B84B-3FFFA2AD57A1}.Debug|Any CPU.Build.0 = Debug|Any CPU
		{03C30803-4304-4C01-B84B-3FFFA2AD57A1}.Release|Any CPU.ActiveCfg = Release|Any CPU
		{03C30803-4304-4C01-B84B-3FFFA2AD57A1}.Release|Any CPU.Build.0 = Release|Any CPU
		{F103367D-F5FB-43A6-AA52-6B9A0DD66862}.Debug|Any CPU.ActiveCfg = Debug|Any CPU
		{F103367D-F5FB-43A6-AA52-6B9A0DD66862}.Debug|Any CPU.Build.0 = Debug|Any CPU
		{F103367D-F5FB-43A6-AA52-6B9A0DD66862}.Release|Any CPU.ActiveCfg = Release|Any CPU
		{F103367D-F5FB-43A6-AA52-6B9A0DD66862}.Release|Any CPU.Build.0 = Release|Any CPU
		{2ED2CBEF-1B5F-4D0D-ACF0-C41D59C69B7A}.Debug|Any CPU.ActiveCfg = Debug|Any CPU
		{2ED2CBEF-1B5F-4D0D-ACF0-C41D59C69B7A}.Debug|Any CPU.Build.0 = Debug|Any CPU
		{2ED2CBEF-1B5F-4D0D-ACF0-C41D59C69B7A}.Release|Any CPU.ActiveCfg = Release|Any CPU
		{2ED2CBEF-1B5F-4D0D-ACF0-C41D59C69B7A}.Release|Any CPU.Build.0 = Release|Any CPU
		{A22F4B5A-10D8-4692-9C34-D7089108E4B5}.Debug|Any CPU.ActiveCfg = Debug|Any CPU
		{A22F4B5A-10D8-4692-9C34-D7089108E4B5}.Debug|Any CPU.Build.0 = Debug|Any CPU
		{A22F4B5A-10D8-4692-9C34-D7089108E4B5}.Release|Any CPU.ActiveCfg = Release|Any CPU
		{A22F4B5A-10D8-4692-9C34-D7089108E4B5}.Release|Any CPU.Build.0 = Release|Any CPU
		{AF99E01C-3AB2-4AF6-8771-871B3F0E380E}.Debug|Any CPU.ActiveCfg = Debug|Any CPU
		{AF99E01C-3AB2-4AF6-8771-871B3F0E380E}.Debug|Any CPU.Build.0 = Debug|Any CPU
		{AF99E01C-3AB2-4AF6-8771-871B3F0E380E}.Release|Any CPU.ActiveCfg = Release|Any CPU
		{AF99E01C-3AB2-4AF6-8771-871B3F0E380E}.Release|Any CPU.Build.0 = Release|Any CPU
		{9A5610CB-A46E-4542-A4F4-1CACBA12E171}.Debug|Any CPU.ActiveCfg = Debug|Any CPU
		{9A5610CB-A46E-4542-A4F4-1CACBA12E171}.Debug|Any CPU.Build.0 = Debug|Any CPU
		{9A5610CB-A46E-4542-A4F4-1CACBA12E171}.Release|Any CPU.ActiveCfg = Release|Any CPU
		{9A5610CB-A46E-4542-A4F4-1CACBA12E171}.Release|Any CPU.Build.0 = Release|Any CPU
		{AF18A358-231F-4D8E-A659-AEB660CC4715}.Debug|Any CPU.ActiveCfg = Debug|Any CPU
		{AF18A358-231F-4D8E-A659-AEB660CC4715}.Debug|Any CPU.Build.0 = Debug|Any CPU
		{AF18A358-231F-4D8E-A659-AEB660CC4715}.Release|Any CPU.ActiveCfg = Release|Any CPU
		{AF18A358-231F-4D8E-A659-AEB660CC4715}.Release|Any CPU.Build.0 = Release|Any CPU
		{7EDE5077-75D1-4D60-85AA-94E1F99525EC}.Debug|Any CPU.ActiveCfg = Debug|Any CPU
		{7EDE5077-75D1-4D60-85AA-94E1F99525EC}.Debug|Any CPU.Build.0 = Debug|Any CPU
		{7EDE5077-75D1-4D60-85AA-94E1F99525EC}.Release|Any CPU.ActiveCfg = Release|Any CPU
		{7EDE5077-75D1-4D60-85AA-94E1F99525EC}.Release|Any CPU.Build.0 = Release|Any CPU
		{4EF08D3E-5F88-4156-8BBA-9FD8A3065190}.Debug|Any CPU.ActiveCfg = Debug|Any CPU
		{4EF08D3E-5F88-4156-8BBA-9FD8A3065190}.Debug|Any CPU.Build.0 = Debug|Any CPU
		{4EF08D3E-5F88-4156-8BBA-9FD8A3065190}.Release|Any CPU.ActiveCfg = Release|Any CPU
		{4EF08D3E-5F88-4156-8BBA-9FD8A3065190}.Release|Any CPU.Build.0 = Release|Any CPU
	EndGlobalSection
	GlobalSection(SolutionProperties) = preSolution
		HideSolutionNode = FALSE
	EndGlobalSection
	GlobalSection(NestedProjects) = preSolution
		{D3EEB4BA-A801-436B-8308-422DDD8C8C65} = {93A3274C-6CD8-4399-9C45-7D0A4077E4E0}
		{8BD80A4D-A1A1-4B9F-8E4A-C34C5CE03618} = {93A3274C-6CD8-4399-9C45-7D0A4077E4E0}
		{9F31D9D3-3D12-4AAB-A8FE-CB4953504036} = {93A3274C-6CD8-4399-9C45-7D0A4077E4E0}
		{12CA268F-9E1F-403F-8428-C36F1F1C17E1} = {93A3274C-6CD8-4399-9C45-7D0A4077E4E0}
		{1EB29D3F-A7E4-4038-9FA9-27CAD63213FA} = {93A3274C-6CD8-4399-9C45-7D0A4077E4E0}
		{03A38E05-A6D4-4325-A3A4-6AE33D7E6718} = {93A3274C-6CD8-4399-9C45-7D0A4077E4E0}
		{8DBA0BBC-F92B-456D-8342-0C42E39EB81E} = {4AB5E96D-1A78-44E0-A52B-5F1A7ABE3B40}
		{F9DCAB83-056E-4F4B-A8CA-9DDBBCF08394} = {0E2B33F8-6CD0-43EE-AA35-337B6798B509}
		{5BDB5B18-884B-4BB5-BF20-A06114C5C928} = {45A0E86E-0F1A-434E-B3F9-D9AE88C964E1}
		{1221DBD5-BD6A-482D-B842-AF53611A48A9} = {4AB5E96D-1A78-44E0-A52B-5F1A7ABE3B40}
		{4AB5E96D-1A78-44E0-A52B-5F1A7ABE3B40} = {45A0E86E-0F1A-434E-B3F9-D9AE88C964E1}
		{3BB075E4-75CE-4520-B185-6021F8B3F1BA} = {45A0E86E-0F1A-434E-B3F9-D9AE88C964E1}
		{CC3E1903-9A04-4A14-8EDB-59444BB57E05} = {93A3274C-6CD8-4399-9C45-7D0A4077E4E0}
		{0E2B33F8-6CD0-43EE-AA35-337B6798B509} = {45A0E86E-0F1A-434E-B3F9-D9AE88C964E1}
		{31D82FCB-3F22-482C-B7A4-F9D9D4A27EF6} = {07EE807A-D975-4B1D-B486-6633ED87B757}
		{1E8E5F06-CF36-4CC8-95BD-B7E455D1737C} = {07EE807A-D975-4B1D-B486-6633ED87B757}
		{367C9AAB-6A24-4DC8-A69C-A22039CC11C2} = {07EE807A-D975-4B1D-B486-6633ED87B757}
		{03C30803-4304-4C01-B84B-3FFFA2AD57A1} = {07EE807A-D975-4B1D-B486-6633ED87B757}
		{2ED2CBEF-1B5F-4D0D-ACF0-C41D59C69B7A} = {07EE807A-D975-4B1D-B486-6633ED87B757}
		{A22F4B5A-10D8-4692-9C34-D7089108E4B5} = {93A3274C-6CD8-4399-9C45-7D0A4077E4E0}
		{AF99E01C-3AB2-4AF6-8771-871B3F0E380E} = {93A3274C-6CD8-4399-9C45-7D0A4077E4E0}
		{9A5610CB-A46E-4542-A4F4-1CACBA12E171} = {93A3274C-6CD8-4399-9C45-7D0A4077E4E0}
		{AF18A358-231F-4D8E-A659-AEB660CC4715} = {93A3274C-6CD8-4399-9C45-7D0A4077E4E0}
		{93A3274C-6CD8-4399-9C45-7D0A4077E4E0} = {9C0E454F-146E-40FB-AFE5-F63DAACAB326}
		{7EDE5077-75D1-4D60-85AA-94E1F99525EC} = {93A3274C-6CD8-4399-9C45-7D0A4077E4E0}
	EndGlobalSection
	GlobalSection(ExtensibilityGlobals) = postSolution
		SolutionGuid = {0461C5FC-1885-4C0F-B202-817D99C927D2}
	EndGlobalSection
EndGlobal
